
Microsoft Visual Studio Solution File, Format Version 12.00
# Visual Studio Version 16
VisualStudioVersion = 16.0.31424.327
MinimumVisualStudioVersion = 10.0.40219.1
Project("{9A19103F-16F7-4668-BE54-9A1E7A4F7556}") = "RobotSimulationTestProject", "RobotSimulationTestProject\RobotSimulationTestProject.csproj", "{B6F25A31-3F91-40C9-AE2F-ADB766C99738}"
EndProject
Project("{9A19103F-16F7-4668-BE54-9A1E7A4F7556}") = "RobotSimulation", "RobotSimulation\RobotSimulation.csproj", "{22FB9FEC-F2CA-437A-BA70-931C5C3F63A4}"
EndProject
Global
	GlobalSection(SolutionConfigurationPlatforms) = preSolution
		Debug|Any CPU = Debug|Any CPU
		Release|Any CPU = Release|Any CPU
	EndGlobalSection
	GlobalSection(ProjectConfigurationPlatforms) = postSolution
		{B6F25A31-3F91-40C9-AE2F-ADB766C99738}.Debug|Any CPU.ActiveCfg = Debug|Any CPU
		{B6F25A31-3F91-40C9-AE2F-ADB766C99738}.Debug|Any CPU.Build.0 = Debug|Any CPU
		{B6F25A31-3F91-40C9-AE2F-ADB766C99738}.Release|Any CPU.ActiveCfg = Release|Any CPU
		{B6F25A31-3F91-40C9-AE2F-ADB766C99738}.Release|Any CPU.Build.0 = Release|Any CPU
		{22FB9FEC-F2CA-437A-BA70-931C5C3F63A4}.Debug|Any CPU.ActiveCfg = Debug|Any CPU
		{22FB9FEC-F2CA-437A-BA70-931C5C3F63A4}.Debug|Any CPU.Build.0 = Debug|Any CPU
		{22FB9FEC-F2CA-437A-BA70-931C5C3F63A4}.Release|Any CPU.ActiveCfg = Release|Any CPU
		{22FB9FEC-F2CA-437A-BA70-931C5C3F63A4}.Release|Any CPU.Build.0 = Release|Any CPU
	EndGlobalSection
	GlobalSection(SolutionProperties) = preSolution
		HideSolutionNode = FALSE
	EndGlobalSection
	GlobalSection(ExtensibilityGlobals) = postSolution
		SolutionGuid = {4328A916-7946-4DDF-886A-AA1031918824}
	EndGlobalSection
EndGlobal
